// !$*UTF8*$!
{
	archiveVersion = 1;
	classes = {
	};
	objectVersion = 77;
	objects = {

/* Begin PBXBuildFile section */
		083769E72EBBFE980075FF43 /* FirebaseAI in Frameworks */ = {isa = PBXBuildFile; productRef = 083769E62EBBFE980075FF43 /* FirebaseAI */; };
		083769E92EBBFE980075FF43 /* FirebaseAILogic in Frameworks */ = {isa = PBXBuildFile; productRef = 083769E82EBBFE980075FF43 /* FirebaseAILogic */; };
		083769EB2EBBFE980075FF43 /* FirebaseAnalytics in Frameworks */ = {isa = PBXBuildFile; productRef = 083769EA2EBBFE980075FF43 /* FirebaseAnalytics */; };
		083769ED2EBBFE980075FF43 /* FirebaseAnalyticsCore in Frameworks */ = {isa = PBXBuildFile; productRef = 083769EC2EBBFE980075FF43 /* FirebaseAnalyticsCore */; };
		083769EF2EBBFE980075FF43 /* FirebaseAnalyticsIdentitySupport in Frameworks */ = {isa = PBXBuildFile; productRef = 083769EE2EBBFE980075FF43 /* FirebaseAnalyticsIdentitySupport */; };
		083769F12EBBFE980075FF43 /* FirebaseAppCheck in Frameworks */ = {isa = PBXBuildFile; productRef = 083769F02EBBFE980075FF43 /* FirebaseAppCheck */; };
		083769F32EBBFE980075FF43 /* FirebaseAppDistribution-Beta in Frameworks */ = {isa = PBXBuildFile; productRef = 083769F22EBBFE980075FF43 /* FirebaseAppDistribution-Beta */; };
		083769F52EBBFE980075FF43 /* FirebaseAuth in Frameworks */ = {isa = PBXBuildFile; productRef = 083769F42EBBFE980075FF43 /* FirebaseAuth */; };
		083769F72EBBFE980075FF43 /* FirebaseAuthCombine-Community in Frameworks */ = {isa = PBXBuildFile; productRef = 083769F62EBBFE980075FF43 /* FirebaseAuthCombine-Community */; };
		083769F92EBBFE980075FF43 /* FirebaseCore in Frameworks */ = {isa = PBXBuildFile; productRef = 083769F82EBBFE980075FF43 /* FirebaseCore */; };
		083769FB2EBBFE980075FF43 /* FirebaseCrashlytics in Frameworks */ = {isa = PBXBuildFile; productRef = 083769FA2EBBFE980075FF43 /* FirebaseCrashlytics */; };
		083769FD2EBBFE980075FF43 /* FirebaseDatabase in Frameworks */ = {isa = PBXBuildFile; productRef = 083769FC2EBBFE980075FF43 /* FirebaseDatabase */; };
		083769FF2EBBFE980075FF43 /* FirebaseFirestore in Frameworks */ = {isa = PBXBuildFile; productRef = 083769FE2EBBFE980075FF43 /* FirebaseFirestore */; };
		08376A012EBBFE980075FF43 /* FirebaseFirestoreCombine-Community in Frameworks */ = {isa = PBXBuildFile; productRef = 08376A002EBBFE980075FF43 /* FirebaseFirestoreCombine-Community */; };
		08376A032EBBFE980075FF43 /* FirebaseFunctions in Frameworks */ = {isa = PBXBuildFile; productRef = 08376A022EBBFE980075FF43 /* FirebaseFunctions */; };
		08376A052EBBFE980075FF43 /* FirebaseFunctionsCombine-Community in Frameworks */ = {isa = PBXBuildFile; productRef = 08376A042EBBFE980075FF43 /* FirebaseFunctionsCombine-Community */; };
		08376A072EBBFE980075FF43 /* FirebaseInAppMessaging-Beta in Frameworks */ = {isa = PBXBuildFile; productRef = 08376A062EBBFE980075FF43 /* FirebaseInAppMessaging-Beta */; };
		08376A092EBBFE980075FF43 /* FirebaseInstallations in Frameworks */ = {isa = PBXBuildFile; productRef = 08376A082EBBFE980075FF43 /* FirebaseInstallations */; };
		08376A0B2EBBFE980075FF43 /* FirebaseMLModelDownloader in Frameworks */ = {isa = PBXBuildFile; productRef = 08376A0A2EBBFE980075FF43 /* FirebaseMLModelDownloader */; };
		08376A0D2EBBFE980075FF43 /* FirebaseMessaging in Frameworks */ = {isa = PBXBuildFile; productRef = 08376A0C2EBBFE980075FF43 /* FirebaseMessaging */; };
		08376A0F2EBBFE980075FF43 /* FirebasePerformance in Frameworks */ = {isa = PBXBuildFile; productRef = 08376A0E2EBBFE980075FF43 /* FirebasePerformance */; };
		08376A112EBBFE980075FF43 /* FirebaseRemoteConfig in Frameworks */ = {isa = PBXBuildFile; productRef = 08376A102EBBFE980075FF43 /* FirebaseRemoteConfig */; };
		08376A132EBBFE980075FF43 /* FirebaseStorage in Frameworks */ = {isa = PBXBuildFile; productRef = 08376A122EBBFE980075FF43 /* FirebaseStorage */; };
		08376A152EBBFE980075FF43 /* FirebaseStorageCombine-Community in Frameworks */ = {isa = PBXBuildFile; productRef = 08376A142EBBFE980075FF43 /* FirebaseStorageCombine-Community */; };
		08376C072EBC1E890075FF43 /* GoogleSignIn in Frameworks */ = {isa = PBXBuildFile; productRef = 08376C062EBC1E890075FF43 /* GoogleSignIn */; };
		08376C092EBC1E890075FF43 /* GoogleSignInSwift in Frameworks */ = {isa = PBXBuildFile; productRef = 08376C082EBC1E890075FF43 /* GoogleSignInSwift */; };
/* End PBXBuildFile section */

/* Begin PBXContainerItemProxy section */
		0882ECA62EBA80C80033BC0E /* PBXContainerItemProxy */ = {
			isa = PBXContainerItemProxy;
			containerPortal = 0882EC902EBA80C50033BC0E /* Project object */;
			proxyType = 1;
			remoteGlobalIDString = 0882EC972EBA80C50033BC0E;
			remoteInfo = businessapp;
		};
		0882ECB02EBA80C80033BC0E /* PBXContainerItemProxy */ = {
			isa = PBXContainerItemProxy;
			containerPortal = 0882EC902EBA80C50033BC0E /* Project object */;
			proxyType = 1;
			remoteGlobalIDString = 0882EC972EBA80C50033BC0E;
			remoteInfo = businessapp;
		};
/* End PBXContainerItemProxy section */

/* Begin PBXFileReference section */
		0882EC982EBA80C50033BC0E /* businessapp.app */ = {isa = PBXFileReference; explicitFileType = wrapper.application; includeInIndex = 0; path = businessapp.app; sourceTree = BUILT_PRODUCTS_DIR; };
		0882ECA52EBA80C80033BC0E /* businessappTests.xctest */ = {isa = PBXFileReference; explicitFileType = wrapper.cfbundle; includeInIndex = 0; path = businessappTests.xctest; sourceTree = BUILT_PRODUCTS_DIR; };
		0882ECAF2EBA80C80033BC0E /* businessappUITests.xctest */ = {isa = PBXFileReference; explicitFileType = wrapper.cfbundle; includeInIndex = 0; path = businessappUITests.xctest; sourceTree = BUILT_PRODUCTS_DIR; };
/* End PBXFileReference section */

/* Begin PBXFileSystemSynchronizedRootGroup section */
		0882EC9A2EBA80C50033BC0E /* businessapp */ = {
			isa = PBXFileSystemSynchronizedRootGroup;
			path = businessapp;
			sourceTree = "<group>";
		};
		0882ECA82EBA80C80033BC0E /* businessappTests */ = {
			isa = PBXFileSystemSynchronizedRootGroup;
			path = businessappTests;
			sourceTree = "<group>";
		};
		0882ECB22EBA80C80033BC0E /* businessappUITests */ = {
			isa = PBXFileSystemSynchronizedRootGroup;
			path = businessappUITests;
			sourceTree = "<group>";
		};
/* End PBXFileSystemSynchronizedRootGroup section */

/* Begin PBXFrameworksBuildPhase section */
		0882EC952EBA80C50033BC0E /* Frameworks */ = {
			isa = PBXFrameworksBuildPhase;
			buildActionMask = 2147483647;
			files = (
				083769F32EBBFE980075FF43 /* FirebaseAppDistribution-Beta in Frameworks */,
				083769FF2EBBFE980075FF43 /* FirebaseFirestore in Frameworks */,
				083769F72EBBFE980075FF43 /* FirebaseAuthCombine-Community in Frameworks */,
				08376A092EBBFE980075FF43 /* FirebaseInstallations in Frameworks */,
				083769E92EBBFE980075FF43 /* FirebaseAILogic in Frameworks */,
				08376C092EBC1E890075FF43 /* GoogleSignInSwift in Frameworks */,
				083769EF2EBBFE980075FF43 /* FirebaseAnalyticsIdentitySupport in Frameworks */,
				08376A072EBBFE980075FF43 /* FirebaseInAppMessaging-Beta in Frameworks */,
				083769E72EBBFE980075FF43 /* FirebaseAI in Frameworks */,
				083769FB2EBBFE980075FF43 /* FirebaseCrashlytics in Frameworks */,
				08376A052EBBFE980075FF43 /* FirebaseFunctionsCombine-Community in Frameworks */,
				08376A152EBBFE980075FF43 /* FirebaseStorageCombine-Community in Frameworks */,
				083769FD2EBBFE980075FF43 /* FirebaseDatabase in Frameworks */,
				08376A132EBBFE980075FF43 /* FirebaseStorage in Frameworks */,
				08376A112EBBFE980075FF43 /* FirebaseRemoteConfig in Frameworks */,
				083769EB2EBBFE980075FF43 /* FirebaseAnalytics in Frameworks */,
				08376C072EBC1E890075FF43 /* GoogleSignIn in Frameworks */,
				08376A0D2EBBFE980075FF43 /* FirebaseMessaging in Frameworks */,
				08376A0B2EBBFE980075FF43 /* FirebaseMLModelDownloader in Frameworks */,
				08376A0F2EBBFE980075FF43 /* FirebasePerformance in Frameworks */,
				083769F92EBBFE980075FF43 /* FirebaseCore in Frameworks */,
				083769F12EBBFE980075FF43 /* FirebaseAppCheck in Frameworks */,
				083769ED2EBBFE980075FF43 /* FirebaseAnalyticsCore in Frameworks */,
				08376A032EBBFE980075FF43 /* FirebaseFunctions in Frameworks */,
				083769F52EBBFE980075FF43 /* FirebaseAuth in Frameworks */,
				08376A012EBBFE980075FF43 /* FirebaseFirestoreCombine-Community in Frameworks */,
			);
			runOnlyForDeploymentPostprocessing = 0;
		};
		0882ECA22EBA80C80033BC0E /* Frameworks */ = {
			isa = PBXFrameworksBuildPhase;
			buildActionMask = 2147483647;
			files = (
			);
			runOnlyForDeploymentPostprocessing = 0;
		};
		0882ECAC2EBA80C80033BC0E /* Frameworks */ = {
			isa = PBXFrameworksBuildPhase;
			buildActionMask = 2147483647;
			files = (
			);
			runOnlyForDeploymentPostprocessing = 0;
		};
/* End PBXFrameworksBuildPhase section */

/* Begin PBXGroup section */
		0882EC8F2EBA80C50033BC0E = {
			isa = PBXGroup;
			children = (
				0882EC9A2EBA80C50033BC0E /* businessapp */,
				0882ECA82EBA80C80033BC0E /* businessappTests */,
				0882ECB22EBA80C80033BC0E /* businessappUITests */,
				0882EC992EBA80C50033BC0E /* Products */,
			);
			sourceTree = "<group>";
		};
		0882EC992EBA80C50033BC0E /* Products */ = {
			isa = PBXGroup;
			children = (
				0882EC982EBA80C50033BC0E /* businessapp.app */,
				0882ECA52EBA80C80033BC0E /* businessappTests.xctest */,
				0882ECAF2EBA80C80033BC0E /* businessappUITests.xctest */,
			);
			name = Products;
			sourceTree = "<group>";
		};
/* End PBXGroup section */

/* Begin PBXNativeTarget section */
		0882EC972EBA80C50033BC0E /* businessapp */ = {
			isa = PBXNativeTarget;
			buildConfigurationList = 0882ECB92EBA80C80033BC0E /* Build configuration list for PBXNativeTarget "businessapp" */;
			buildPhases = (
				0882EC942EBA80C50033BC0E /* Sources */,
				0882EC952EBA80C50033BC0E /* Frameworks */,
				0882EC962EBA80C50033BC0E /* Resources */,
			);
			buildRules = (
			);
			dependencies = (
			);
			fileSystemSynchronizedGroups = (
				0882EC9A2EBA80C50033BC0E /* businessapp */,
			);
			name = businessapp;
			packageProductDependencies = (
				083769E62EBBFE980075FF43 /* FirebaseAI */,
				083769E82EBBFE980075FF43 /* FirebaseAILogic */,
				083769EA2EBBFE980075FF43 /* FirebaseAnalytics */,
				083769EC2EBBFE980075FF43 /* FirebaseAnalyticsCore */,
				083769EE2EBBFE980075FF43 /* FirebaseAnalyticsIdentitySupport */,
				083769F02EBBFE980075FF43 /* FirebaseAppCheck */,
				083769F22EBBFE980075FF43 /* FirebaseAppDistribution-Beta */,
				083769F42EBBFE980075FF43 /* FirebaseAuth */,
				083769F62EBBFE980075FF43 /* FirebaseAuthCombine-Community */,
				083769F82EBBFE980075FF43 /* FirebaseCore */,
				083769FA2EBBFE980075FF43 /* FirebaseCrashlytics */,
				083769FC2EBBFE980075FF43 /* FirebaseDatabase */,
				083769FE2EBBFE980075FF43 /* FirebaseFirestore */,
				08376A002EBBFE980075FF43 /* FirebaseFirestoreCombine-Community */,
				08376A022EBBFE980075FF43 /* FirebaseFunctions */,
				08376A042EBBFE980075FF43 /* FirebaseFunctionsCombine-Community */,
				08376A062EBBFE980075FF43 /* FirebaseInAppMessaging-Beta */,
				08376A082EBBFE980075FF43 /* FirebaseInstallations */,
				08376A0A2EBBFE980075FF43 /* FirebaseMLModelDownloader */,
				08376A0C2EBBFE980075FF43 /* FirebaseMessaging */,
				08376A0E2EBBFE980075FF43 /* FirebasePerformance */,
				08376A102EBBFE980075FF43 /* FirebaseRemoteConfig */,
				08376A122EBBFE980075FF43 /* FirebaseStorage */,
				08376A142EBBFE980075FF43 /* FirebaseStorageCombine-Community */,
				08376C062EBC1E890075FF43 /* GoogleSignIn */,
				08376C082EBC1E890075FF43 /* GoogleSignInSwift */,
			);
			productName = businessapp;
			productReference = 0882EC982EBA80C50033BC0E /* businessapp.app */;
			productType = "com.apple.product-type.application";
		};
		0882ECA42EBA80C80033BC0E /* businessappTests */ = {
			isa = PBXNativeTarget;
			buildConfigurationList = 0882ECBC2EBA80C80033BC0E /* Build configuration list for PBXNativeTarget "businessappTests" */;
			buildPhases = (
				0882ECA12EBA80C80033BC0E /* Sources */,
				0882ECA22EBA80C80033BC0E /* Frameworks */,
				0882ECA32EBA80C80033BC0E /* Resources */,
			);
			buildRules = (
			);
			dependencies = (
				0882ECA72EBA80C80033BC0E /* PBXTargetDependency */,
			);
			fileSystemSynchronizedGroups = (
				0882ECA82EBA80C80033BC0E /* businessappTests */,
			);
			name = businessappTests;
			packageProductDependencies = (
			);
			productName = businessappTests;
			productReference = 0882ECA52EBA80C80033BC0E /* businessappTests.xctest */;
			productType = "com.apple.product-type.bundle.unit-test";
		};
		0882ECAE2EBA80C80033BC0E /* businessappUITests */ = {
			isa = PBXNativeTarget;
			buildConfigurationList = 0882ECBF2EBA80C80033BC0E /* Build configuration list for PBXNativeTarget "businessappUITests" */;
			buildPhases = (
				0882ECAB2EBA80C80033BC0E /* Sources */,
				0882ECAC2EBA80C80033BC0E /* Frameworks */,
				0882ECAD2EBA80C80033BC0E /* Resources */,
			);
			buildRules = (
			);
			dependencies = (
				0882ECB12EBA80C80033BC0E /* PBXTargetDependency */,
			);
			fileSystemSynchronizedGroups = (
				0882ECB22EBA80C80033BC0E /* businessappUITests */,
			);
			name = businessappUITests;
			packageProductDependencies = (
			);
			productName = businessappUITests;
			productReference = 0882ECAF2EBA80C80033BC0E /* businessappUITests.xctest */;
			productType = "com.apple.product-type.bundle.ui-testing";
		};
/* End PBXNativeTarget section */

/* Begin PBXProject section */
		0882EC902EBA80C50033BC0E /* Project object */ = {
			isa = PBXProject;
			attributes = {
				BuildIndependentTargetsInParallel = 1;
				LastSwiftUpdateCheck = 2600;
				LastUpgradeCheck = 2600;
				TargetAttributes = {
					0882EC972EBA80C50033BC0E = {
						CreatedOnToolsVersion = 26.0.1;
					};
					0882ECA42EBA80C80033BC0E = {
						CreatedOnToolsVersion = 26.0.1;
						TestTargetID = 0882EC972EBA80C50033BC0E;
					};
					0882ECAE2EBA80C80033BC0E = {
						CreatedOnToolsVersion = 26.0.1;
						TestTargetID = 0882EC972EBA80C50033BC0E;
					};
				};
			};
			buildConfigurationList = 0882EC932EBA80C50033BC0E /* Build configuration list for PBXProject "businessapp" */;
			developmentRegion = en;
			hasScannedForEncodings = 0;
			knownRegions = (
				en,
				Base,
			);
			mainGroup = 0882EC8F2EBA80C50033BC0E;
			minimizedProjectReferenceProxies = 1;
			packageReferences = (
				083769E52EBBFE980075FF43 /* XCRemoteSwiftPackageReference "firebase-ios-sdk" */,
				08376C052EBC1E890075FF43 /* XCRemoteSwiftPackageReference "GoogleSignIn-iOS" */,
			);
			preferredProjectObjectVersion = 77;
			productRefGroup = 0882EC992EBA80C50033BC0E /* Products */;
			projectDirPath = "";
			projectRoot = "";
			targets = (
				0882EC972EBA80C50033BC0E /* businessapp */,
				0882ECA42EBA80C80033BC0E /* businessappTests */,
				0882ECAE2EBA80C80033BC0E /* businessappUITests */,
			);
		};
/* End PBXProject section */

/* Begin PBXResourcesBuildPhase section */
		0882EC962EBA80C50033BC0E /* Resources */ = {
			isa = PBXResourcesBuildPhase;
			buildActionMask = 2147483647;
			files = (
			);
			runOnlyForDeploymentPostprocessing = 0;
		};
		0882ECA32EBA80C80033BC0E /* Resources */ = {
			isa = PBXResourcesBuildPhase;
			buildActionMask = 2147483647;
			files = (
			);
			runOnlyForDeploymentPostprocessing = 0;
		};
		0882ECAD2EBA80C80033BC0E /* Resources */ = {
			isa = PBXResourcesBuildPhase;
			buildActionMask = 2147483647;
			files = (
			);
			runOnlyForDeploymentPostprocessing = 0;
		};
/* End PBXResourcesBuildPhase section */

/* Begin PBXSourcesBuildPhase section */
		0882EC942EBA80C50033BC0E /* Sources */ = {
			isa = PBXSourcesBuildPhase;
			buildActionMask = 2147483647;
			files = (
			);
			runOnlyForDeploymentPostprocessing = 0;
		};
		0882ECA12EBA80C80033BC0E /* Sources */ = {
			isa = PBXSourcesBuildPhase;
			buildActionMask = 2147483647;
			files = (
			);
			runOnlyForDeploymentPostprocessing = 0;
		};
		0882ECAB2EBA80C80033BC0E /* Sources */ = {
			isa = PBXSourcesBuildPhase;
			buildActionMask = 2147483647;
			files = (
			);
			runOnlyForDeploymentPostprocessing = 0;
		};
/* End PBXSourcesBuildPhase section */

/* Begin PBXTargetDependency section */
		0882ECA72EBA80C80033BC0E /* PBXTargetDependency */ = {
			isa = PBXTargetDependency;
			target = 0882EC972EBA80C50033BC0E /* businessapp */;
			targetProxy = 0882ECA62EBA80C80033BC0E /* PBXContainerItemProxy */;
		};
		0882ECB12EBA80C80033BC0E /* PBXTargetDependency */ = {
			isa = PBXTargetDependency;
			target = 0882EC972EBA80C50033BC0E /* businessapp */;
			targetProxy = 0882ECB02EBA80C80033BC0E /* PBXContainerItemProxy */;
		};
/* End PBXTargetDependency section */

/* Begin XCBuildConfiguration section */
		0882ECB72EBA80C80033BC0E /* Debug */ = {
			isa = XCBuildConfiguration;
			buildSettings = {
				ALWAYS_SEARCH_USER_PATHS = NO;
				ASSETCATALOG_COMPILER_GENERATE_SWIFT_ASSET_SYMBOL_EXTENSIONS = YES;
				CLANG_ANALYZER_NONNULL = YES;
				CLANG_ANALYZER_NUMBER_OBJECT_CONVERSION = YES_AGGRESSIVE;
				CLANG_CXX_LANGUAGE_STANDARD = "gnu++20";
				CLANG_ENABLE_MODULES = YES;
				CLANG_ENABLE_OBJC_ARC = YES;
				CLANG_ENABLE_OBJC_WEAK = YES;
				CLANG_WARN_BLOCK_CAPTURE_AUTORELEASING = YES;
				CLANG_WARN_BOOL_CONVERSION = YES;
				CLANG_WARN_COMMA = YES;
				CLANG_WARN_CONSTANT_CONVERSION = YES;
				CLANG_WARN_DEPRECATED_OBJC_IMPLEMENTATIONS = YES;
				CLANG_WARN_DIRECT_OBJC_ISA_USAGE = YES_ERROR;
				CLANG_WARN_DOCUMENTATION_COMMENTS = YES;
				CLANG_WARN_EMPTY_BODY = YES;
				CLANG_WARN_ENUM_CONVERSION = YES;
				CLANG_WARN_INFINITE_RECURSION = YES;
				CLANG_WARN_INT_CONVERSION = YES;
				CLANG_WARN_NON_LITERAL_NULL_CONVERSION = YES;
				CLANG_WARN_OBJC_IMPLICIT_RETAIN_SELF = YES;
				CLANG_WARN_OBJC_LITERAL_CONVERSION = YES;
				CLANG_WARN_OBJC_ROOT_CLASS = YES_ERROR;
				CLANG_WARN_QUOTED_INCLUDE_IN_FRAMEWORK_HEADER = YES;
				CLANG_WARN_RANGE_LOOP_ANALYSIS = YES;
				CLANG_WARN_STRICT_PROTOTYPES = YES;
				CLANG_WARN_SUSPICIOUS_MOVE = YES;
				CLANG_WARN_UNGUARDED_AVAILABILITY = YES_AGGRESSIVE;
				CLANG_WARN_UNREACHABLE_CODE = YES;
				CLANG_WARN__DUPLICATE_METHOD_MATCH = YES;
				COPY_PHASE_STRIP = NO;
				DEBUG_INFORMATION_FORMAT = dwarf;
				DEVELOPMENT_TEAM = Z28V839VF6;
				ENABLE_STRICT_OBJC_MSGSEND = YES;
				ENABLE_TESTABILITY = YES;
				ENABLE_USER_SCRIPT_SANDBOXING = YES;
				GCC_C_LANGUAGE_STANDARD = gnu17;
				GCC_DYNAMIC_NO_PIC = NO;
				GCC_NO_COMMON_BLOCKS = YES;
				GCC_OPTIMIZATION_LEVEL = 0;
				GCC_PREPROCESSOR_DEFINITIONS = (
					"DEBUG=1",
					"$(inherited)",
				);
				GCC_WARN_64_TO_32_BIT_CONVERSION = YES;
				GCC_WARN_ABOUT_RETURN_TYPE = YES_ERROR;
				GCC_WARN_UNDECLARED_SELECTOR = YES;
				GCC_WARN_UNINITIALIZED_AUTOS = YES_AGGRESSIVE;
				GCC_WARN_UNUSED_FUNCTION = YES;
				GCC_WARN_UNUSED_VARIABLE = YES;
				IPHONEOS_DEPLOYMENT_TARGET = 26.0;
				LOCALIZATION_PREFERS_STRING_CATALOGS = YES;
				MTL_ENABLE_DEBUG_INFO = INCLUDE_SOURCE;
				MTL_FAST_MATH = YES;
				ONLY_ACTIVE_ARCH = YES;
				SDKROOT = iphoneos;
				SWIFT_ACTIVE_COMPILATION_CONDITIONS = "DEBUG $(inherited)";
				SWIFT_OPTIMIZATION_LEVEL = "-Onone";
			};
			name = Debug;
		};
		0882ECB82EBA80C80033BC0E /* Release */ = {
			isa = XCBuildConfiguration;
			buildSettings = {
				ALWAYS_SEARCH_USER_PATHS = NO;
				ASSETCATALOG_COMPILER_GENERATE_SWIFT_ASSET_SYMBOL_EXTENSIONS = YES;
				CLANG_ANALYZER_NONNULL = YES;
				CLANG_ANALYZER_NUMBER_OBJECT_CONVERSION = YES_AGGRESSIVE;
				CLANG_CXX_LANGUAGE_STANDARD = "gnu++20";
				CLANG_ENABLE_MODULES = YES;
				CLANG_ENABLE_OBJC_ARC = YES;
				CLANG_ENABLE_OBJC_WEAK = YES;
				CLANG_WARN_BLOCK_CAPTURE_AUTORELEASING = YES;
				CLANG_WARN_BOOL_CONVERSION = YES;
				CLANG_WARN_COMMA = YES;
				CLANG_WARN_CONSTANT_CONVERSION = YES;
				CLANG_WARN_DEPRECATED_OBJC_IMPLEMENTATIONS = YES;
				CLANG_WARN_DIRECT_OBJC_ISA_USAGE = YES_ERROR;
				CLANG_WARN_DOCUMENTATION_COMMENTS = YES;
				CLANG_WARN_EMPTY_BODY = YES;
				CLANG_WARN_ENUM_CONVERSION = YES;
				CLANG_WARN_INFINITE_RECURSION = YES;
				CLANG_WARN_INT_CONVERSION = YES;
				CLANG_WARN_NON_LITERAL_NULL_CONVERSION = YES;
				CLANG_WARN_OBJC_IMPLICIT_RETAIN_SELF = YES;
				CLANG_WARN_OBJC_LITERAL_CONVERSION = YES;
				CLANG_WARN_OBJC_ROOT_CLASS = YES_ERROR;
				CLANG_WARN_QUOTED_INCLUDE_IN_FRAMEWORK_HEADER = YES;
				CLANG_WARN_RANGE_LOOP_ANALYSIS = YES;
				CLANG_WARN_STRICT_PROTOTYPES = YES;
				CLANG_WARN_SUSPICIOUS_MOVE = YES;
				CLANG_WARN_UNGUARDED_AVAILABILITY = YES_AGGRESSIVE;
				CLANG_WARN_UNREACHABLE_CODE = YES;
				CLANG_WARN__DUPLICATE_METHOD_MATCH = YES;
				COPY_PHASE_STRIP = NO;
				DEBUG_INFORMATION_FORMAT = "dwarf-with-dsym";
				DEVELOPMENT_TEAM = Z28V839VF6;
				ENABLE_NS_ASSERTIONS = NO;
				ENABLE_STRICT_OBJC_MSGSEND = YES;
				ENABLE_USER_SCRIPT_SANDBOXING = YES;
				GCC_C_LANGUAGE_STANDARD = gnu17;
				GCC_NO_COMMON_BLOCKS = YES;
				GCC_WARN_64_TO_32_BIT_CONVERSION = YES;
				GCC_WARN_ABOUT_RETURN_TYPE = YES_ERROR;
				GCC_WARN_UNDECLARED_SELECTOR = YES;
				GCC_WARN_UNINITIALIZED_AUTOS = YES_AGGRESSIVE;
				GCC_WARN_UNUSED_FUNCTION = YES;
				GCC_WARN_UNUSED_VARIABLE = YES;
				IPHONEOS_DEPLOYMENT_TARGET = 26.0;
				LOCALIZATION_PREFERS_STRING_CATALOGS = YES;
				MTL_ENABLE_DEBUG_INFO = NO;
				MTL_FAST_MATH = YES;
				SDKROOT = iphoneos;
				SWIFT_COMPILATION_MODE = wholemodule;
				VALIDATE_PRODUCT = YES;
			};
			name = Release;
		};
		0882ECBA2EBA80C80033BC0E /* Debug */ = {
			isa = XCBuildConfiguration;
			buildSettings = {
				ASSETCATALOG_COMPILER_APPICON_NAME = AppIcon;
				ASSETCATALOG_COMPILER_GLOBAL_ACCENT_COLOR_NAME = AccentColor;
				CODE_SIGN_STYLE = Automatic;
				CURRENT_PROJECT_VERSION = 1;
				DEVELOPMENT_TEAM = Z28V839VF6;
				ENABLE_PREVIEWS = YES;
				GENERATE_INFOPLIST_FILE = YES;
				INFOPLIST_KEY_UIApplicationSceneManifest_Generation = YES;
				INFOPLIST_KEY_UIApplicationSupportsIndirectInputEvents = YES;
				INFOPLIST_KEY_UILaunchScreen_Generation = YES;
				INFOPLIST_KEY_UISupportedInterfaceOrientations_iPad = "UIInterfaceOrientationPortrait UIInterfaceOrientationPortraitUpsideDown UIInterfaceOrientationLandscapeLeft UIInterfaceOrientationLandscapeRight";
				INFOPLIST_KEY_UISupportedInterfaceOrientations_iPhone = "UIInterfaceOrientationPortrait UIInterfaceOrientationLandscapeLeft UIInterfaceOrientationLandscapeRight";
				LD_RUNPATH_SEARCH_PATHS = (
					"$(inherited)",
					"@executable_path/Frameworks",
				);
				MARKETING_VERSION = 1.0;
				PRODUCT_BUNDLE_IDENTIFIER = com.businessapp.company.businessapp;
				PRODUCT_NAME = "$(TARGET_NAME)";
				STRING_CATALOG_GENERATE_SYMBOLS = YES;
				SUPPORTED_PLATFORMS = "iphoneos iphonesimulator";
				SUPPORTS_MACCATALYST = NO;
				SUPPORTS_XR_DESIGNED_FOR_IPHONE_IPAD = NO;
				SWIFT_APPROACHABLE_CONCURRENCY = YES;
				SWIFT_DEFAULT_ACTOR_ISOLATION = MainActor;
				SWIFT_EMIT_LOC_STRINGS = YES;
				SWIFT_UPCOMING_FEATURE_MEMBER_IMPORT_VISIBILITY = YES;
				SWIFT_VERSION = 5.0;
				TARGETED_DEVICE_FAMILY = "1,2";
			};
			name = Debug;
		};
		0882ECBB2EBA80C80033BC0E /* Release */ = {
			isa = XCBuildConfiguration;
			buildSettings = {
				ASSETCATALOG_COMPILER_APPICON_NAME = AppIcon;
				ASSETCATALOG_COMPILER_GLOBAL_ACCENT_COLOR_NAME = AccentColor;
				CODE_SIGN_STYLE = Automatic;
				CURRENT_PROJECT_VERSION = 1;
				DEVELOPMENT_TEAM = Z28V839VF6;
				ENABLE_PREVIEWS = YES;
				GENERATE_INFOPLIST_FILE = YES;
				INFOPLIST_KEY_UIApplicationSceneManifest_Generation = YES;
				INFOPLIST_KEY_UIApplicationSupportsIndirectInputEvents = YES;
				INFOPLIST_KEY_UILaunchScreen_Generation = YES;
				INFOPLIST_KEY_UISupportedInterfaceOrientations_iPad = "UIInterfaceOrientationPortrait UIInterfaceOrientationPortraitUpsideDown UIInterfaceOrientationLandscapeLeft UIInterfaceOrientationLandscapeRight";
				INFOPLIST_KEY_UISupportedInterfaceOrientations_iPhone = "UIInterfaceOrientationPortrait UIInterfaceOrientationLandscapeLeft UIInterfaceOrientationLandscapeRight";
				LD_RUNPATH_SEARCH_PATHS = (
					"$(inherited)",
					"@executable_path/Frameworks",
				);
				MARKETING_VERSION = 1.0;
				PRODUCT_BUNDLE_IDENTIFIER = com.businessapp.company.businessapp;
				PRODUCT_NAME = "$(TARGET_NAME)";
				STRING_CATALOG_GENERATE_SYMBOLS = YES;
				SUPPORTED_PLATFORMS = "iphoneos iphonesimulator";
				SUPPORTS_MACCATALYST = NO;
				SUPPORTS_XR_DESIGNED_FOR_IPHONE_IPAD = NO;
				SWIFT_APPROACHABLE_CONCURRENCY = YES;
				SWIFT_DEFAULT_ACTOR_ISOLATION = MainActor;
				SWIFT_EMIT_LOC_STRINGS = YES;
				SWIFT_UPCOMING_FEATURE_MEMBER_IMPORT_VISIBILITY = YES;
				SWIFT_VERSION = 5.0;
				TARGETED_DEVICE_FAMILY = "1,2";
			};
			name = Release;
		};
		0882ECBD2EBA80C80033BC0E /* Debug */ = {
			isa = XCBuildConfiguration;
			buildSettings = {
				BUNDLE_LOADER = "$(TEST_HOST)";
				CODE_SIGN_STYLE = Automatic;
				CURRENT_PROJECT_VERSION = 1;
				DEVELOPMENT_TEAM = Z28V839VF6;
				GENERATE_INFOPLIST_FILE = YES;
				IPHONEOS_DEPLOYMENT_TARGET = 26.0;
				MARKETING_VERSION = 1.0;
				PRODUCT_BUNDLE_IDENTIFIER = com.businessapp.company.businessappTests;
				PRODUCT_NAME = "$(TARGET_NAME)";
				STRING_CATALOG_GENERATE_SYMBOLS = NO;
				SWIFT_APPROACHABLE_CONCURRENCY = YES;
				SWIFT_EMIT_LOC_STRINGS = NO;
				SWIFT_UPCOMING_FEATURE_MEMBER_IMPORT_VISIBILITY = YES;
				SWIFT_VERSION = 5.0;
				TARGETED_DEVICE_FAMILY = "1,2";
				TEST_HOST = "$(BUILT_PRODUCTS_DIR)/businessapp.app/$(BUNDLE_EXECUTABLE_FOLDER_PATH)/businessapp";
			};
			name = Debug;
		};
		0882ECBE2EBA80C80033BC0E /* Release */ = {
			isa = XCBuildConfiguration;
			buildSettings = {
				BUNDLE_LOADER = "$(TEST_HOST)";
				CODE_SIGN_STYLE = Automatic;
				CURRENT_PROJECT_VERSION = 1;
				DEVELOPMENT_TEAM = Z28V839VF6;
				GENERATE_INFOPLIST_FILE = YES;
				IPHONEOS_DEPLOYMENT_TARGET = 26.0;
				MARKETING_VERSION = 1.0;
				PRODUCT_BUNDLE_IDENTIFIER = com.businessapp.company.businessappTests;
				PRODUCT_NAME = "$(TARGET_NAME)";
				STRING_CATALOG_GENERATE_SYMBOLS = NO;
				SWIFT_APPROACHABLE_CONCURRENCY = YES;
				SWIFT_EMIT_LOC_STRINGS = NO;
				SWIFT_UPCOMING_FEATURE_MEMBER_IMPORT_VISIBILITY = YES;
				SWIFT_VERSION = 5.0;
				TARGETED_DEVICE_FAMILY = "1,2";
				TEST_HOST = "$(BUILT_PRODUCTS_DIR)/businessapp.app/$(BUNDLE_EXECUTABLE_FOLDER_PATH)/businessapp";
			};
			name = Release;
		};
		0882ECC02EBA80C80033BC0E /* Debug */ = {
			isa = XCBuildConfiguration;
			buildSettings = {
				CODE_SIGN_STYLE = Automatic;
				CURRENT_PROJECT_VERSION = 1;
				DEVELOPMENT_TEAM = Z28V839VF6;
				GENERATE_INFOPLIST_FILE = YES;
				MARKETING_VERSION = 1.0;
				PRODUCT_BUNDLE_IDENTIFIER = com.businessapp.company.businessappUITests;
				PRODUCT_NAME = "$(TARGET_NAME)";
				STRING_CATALOG_GENERATE_SYMBOLS = NO;
				SWIFT_APPROACHABLE_CONCURRENCY = YES;
				SWIFT_EMIT_LOC_STRINGS = NO;
				SWIFT_UPCOMING_FEATURE_MEMBER_IMPORT_VISIBILITY = YES;
				SWIFT_VERSION = 5.0;
				TARGETED_DEVICE_FAMILY = "1,2";
				TEST_TARGET_NAME = businessapp;
			};
			name = Debug;
		};
		0882ECC12EBA80C80033BC0E /* Release */ = {
			isa = XCBuildConfiguration;
			buildSettings = {
				CODE_SIGN_STYLE = Automatic;
				CURRENT_PROJECT_VERSION = 1;
				DEVELOPMENT_TEAM = Z28V839VF6;
				GENERATE_INFOPLIST_FILE = YES;
				MARKETING_VERSION = 1.0;
				PRODUCT_BUNDLE_IDENTIFIER = com.businessapp.company.businessappUITests;
				PRODUCT_NAME = "$(TARGET_NAME)";
				STRING_CATALOG_GENERATE_SYMBOLS = NO;
				SWIFT_APPROACHABLE_CONCURRENCY = YES;
				SWIFT_EMIT_LOC_STRINGS = NO;
				SWIFT_UPCOMING_FEATURE_MEMBER_IMPORT_VISIBILITY = YES;
				SWIFT_VERSION = 5.0;
				TARGETED_DEVICE_FAMILY = "1,2";
				TEST_TARGET_NAME = businessapp;
			};
			name = Release;
		};
/* End XCBuildConfiguration section */

/* Begin XCConfigurationList section */
		0882EC932EBA80C50033BC0E /* Build configuration list for PBXProject "businessapp" */ = {
			isa = XCConfigurationList;
			buildConfigurations = (
				0882ECB72EBA80C80033BC0E /* Debug */,
				0882ECB82EBA80C80033BC0E /* Release */,
			);
			defaultConfigurationIsVisible = 0;
			defaultConfigurationName = Release;
		};
		0882ECB92EBA80C80033BC0E /* Build configuration list for PBXNativeTarget "businessapp" */ = {
			isa = XCConfigurationList;
			buildConfigurations = (
				0882ECBA2EBA80C80033BC0E /* Debug */,
				0882ECBB2EBA80C80033BC0E /* Release */,
			);
			defaultConfigurationIsVisible = 0;
			defaultConfigurationName = Release;
		};
		0882ECBC2EBA80C80033BC0E /* Build configuration list for PBXNativeTarget "businessappTests" */ = {
			isa = XCConfigurationList;
			buildConfigurations = (
				0882ECBD2EBA80C80033BC0E /* Debug */,
				0882ECBE2EBA80C80033BC0E /* Release */,
			);
			defaultConfigurationIsVisible = 0;
			defaultConfigurationName = Release;
		};
		0882ECBF2EBA80C80033BC0E /* Build configuration list for PBXNativeTarget "businessappUITests" */ = {
			isa = XCConfigurationList;
			buildConfigurations = (
				0882ECC02EBA80C80033BC0E /* Debug */,
				0882ECC12EBA80C80033BC0E /* Release */,
			);
			defaultConfigurationIsVisible = 0;
			defaultConfigurationName = Release;
		};
/* End XCConfigurationList section */

/* Begin XCRemoteSwiftPackageReference section */
		083769E52EBBFE980075FF43 /* XCRemoteSwiftPackageReference "firebase-ios-sdk" */ = {
			isa = XCRemoteSwiftPackageReference;
			repositoryURL = "https://github.com/firebase/firebase-ios-sdk.git";
			requirement = {
				kind = upToNextMajorVersion;
				minimumVersion = 12.5.0;
			};
		};
		08376C052EBC1E890075FF43 /* XCRemoteSwiftPackageReference "GoogleSignIn-iOS" */ = {
			isa = XCRemoteSwiftPackageReference;
			repositoryURL = "https://github.com/google/GoogleSignIn-iOS";
			requirement = {
				kind = upToNextMajorVersion;
				minimumVersion = 9.0.0;
			};
		};
/* End XCRemoteSwiftPackageReference section */

/* Begin XCSwiftPackageProductDependency section */
		083769E62EBBFE980075FF43 /* FirebaseAI */ = {
			isa = XCSwiftPackageProductDependency;
			package = 083769E52EBBFE980075FF43 /* XCRemoteSwiftPackageReference "firebase-ios-sdk" */;
			productName = FirebaseAI;
		};
		083769E82EBBFE980075FF43 /* FirebaseAILogic */ = {
			isa = XCSwiftPackageProductDependency;
			package = 083769E52EBBFE980075FF43 /* XCRemoteSwiftPackageReference "firebase-ios-sdk" */;
			productName = FirebaseAILogic;
		};
		083769EA2EBBFE980075FF43 /* FirebaseAnalytics */ = {
			isa = XCSwiftPackageProductDependency;
			package = 083769E52EBBFE980075FF43 /* XCRemoteSwiftPackageReference "firebase-ios-sdk" */;
			productName = FirebaseAnalytics;
		};
		083769EC2EBBFE980075FF43 /* FirebaseAnalyticsCore */ = {
			isa = XCSwiftPackageProductDependency;
			package = 083769E52EBBFE980075FF43 /* XCRemoteSwiftPackageReference "firebase-ios-sdk" */;
			productName = FirebaseAnalyticsCore;
		};
		083769EE2EBBFE980075FF43 /* FirebaseAnalyticsIdentitySupport */ = {
			isa = XCSwiftPackageProductDependency;
			package = 083769E52EBBFE980075FF43 /* XCRemoteSwiftPackageReference "firebase-ios-sdk" */;
			productName = FirebaseAnalyticsIdentitySupport;
		};
		083769F02EBBFE980075FF43 /* FirebaseAppCheck */ = {
			isa = XCSwiftPackageProductDependency;
			package = 083769E52EBBFE980075FF43 /* XCRemoteSwiftPackageReference "firebase-ios-sdk" */;
			productName = FirebaseAppCheck;
		};
		083769F22EBBFE980075FF43 /* FirebaseAppDistribution-Beta */ = {
			isa = XCSwiftPackageProductDependency;
			package = 083769E52EBBFE980075FF43 /* XCRemoteSwiftPackageReference "firebase-ios-sdk" */;
			productName = "FirebaseAppDistribution-Beta";
		};
		083769F42EBBFE980075FF43 /* FirebaseAuth */ = {
			isa = XCSwiftPackageProductDependency;
			package = 083769E52EBBFE980075FF43 /* XCRemoteSwiftPackageReference "firebase-ios-sdk" */;
			productName = FirebaseAuth;
		};
		083769F62EBBFE980075FF43 /* FirebaseAuthCombine-Community */ = {
			isa = XCSwiftPackageProductDependency;
			package = 083769E52EBBFE980075FF43 /* XCRemoteSwiftPackageReference "firebase-ios-sdk" */;
			productName = "FirebaseAuthCombine-Community";
		};
		083769F82EBBFE980075FF43 /* FirebaseCore */ = {
			isa = XCSwiftPackageProductDependency;
			package = 083769E52EBBFE980075FF43 /* XCRemoteSwiftPackageReference "firebase-ios-sdk" */;
			productName = FirebaseCore;
		};
		083769FA2EBBFE980075FF43 /* FirebaseCrashlytics */ = {
			isa = XCSwiftPackageProductDependency;
			package = 083769E52EBBFE980075FF43 /* XCRemoteSwiftPackageReference "firebase-ios-sdk" */;
			productName = FirebaseCrashlytics;
		};
		083769FC2EBBFE980075FF43 /* FirebaseDatabase */ = {
			isa = XCSwiftPackageProductDependency;
			package = 083769E52EBBFE980075FF43 /* XCRemoteSwiftPackageReference "firebase-ios-sdk" */;
			productName = FirebaseDatabase;
		};
		083769FE2EBBFE980075FF43 /* FirebaseFirestore */ = {
			isa = XCSwiftPackageProductDependency;
			package = 083769E52EBBFE980075FF43 /* XCRemoteSwiftPackageReference "firebase-ios-sdk" */;
			productName = FirebaseFirestore;
		};
		08376A002EBBFE980075FF43 /* FirebaseFirestoreCombine-Community */ = {
			isa = XCSwiftPackageProductDependency;
			package = 083769E52EBBFE980075FF43 /* XCRemoteSwiftPackageReference "firebase-ios-sdk" */;
			productName = "FirebaseFirestoreCombine-Community";
		};
		08376A022EBBFE980075FF43 /* FirebaseFunctions */ = {
			isa = XCSwiftPackageProductDependency;
			package = 083769E52EBBFE980075FF43 /* XCRemoteSwiftPackageReference "firebase-ios-sdk" */;
			productName = FirebaseFunctions;
		};
		08376A042EBBFE980075FF43 /* FirebaseFunctionsCombine-Community */ = {
			isa = XCSwiftPackageProductDependency;
			package = 083769E52EBBFE980075FF43 /* XCRemoteSwiftPackageReference "firebase-ios-sdk" */;
			productName = "FirebaseFunctionsCombine-Community";
		};
		08376A062EBBFE980075FF43 /* FirebaseInAppMessaging-Beta */ = {
			isa = XCSwiftPackageProductDependency;
			package = 083769E52EBBFE980075FF43 /* XCRemoteSwiftPackageReference "firebase-ios-sdk" */;
			productName = "FirebaseInAppMessaging-Beta";
		};
		08376A082EBBFE980075FF43 /* FirebaseInstallations */ = {
			isa = XCSwiftPackageProductDependency;
			package = 083769E52EBBFE980075FF43 /* XCRemoteSwiftPackageReference "firebase-ios-sdk" */;
			productName = FirebaseInstallations;
		};
		08376A0A2EBBFE980075FF43 /* FirebaseMLModelDownloader */ = {
			isa = XCSwiftPackageProductDependency;
			package = 083769E52EBBFE980075FF43 /* XCRemoteSwiftPackageReference "firebase-ios-sdk" */;
			productName = FirebaseMLModelDownloader;
		};
		08376A0C2EBBFE980075FF43 /* FirebaseMessaging */ = {
			isa = XCSwiftPackageProductDependency;
			package = 083769E52EBBFE980075FF43 /* XCRemoteSwiftPackageReference "firebase-ios-sdk" */;
			productName = FirebaseMessaging;
		};
		08376A0E2EBBFE980075FF43 /* FirebasePerformance */ = {
			isa = XCSwiftPackageProductDependency;
			package = 083769E52EBBFE980075FF43 /* XCRemoteSwiftPackageReference "firebase-ios-sdk" */;
			productName = FirebasePerformance;
		};
		08376A102EBBFE980075FF43 /* FirebaseRemoteConfig */ = {
			isa = XCSwiftPackageProductDependency;
			package = 083769E52EBBFE980075FF43 /* XCRemoteSwiftPackageReference "firebase-ios-sdk" */;
			productName = FirebaseRemoteConfig;
		};
		08376A122EBBFE980075FF43 /* FirebaseStorage */ = {
			isa = XCSwiftPackageProductDependency;
			package = 083769E52EBBFE980075FF43 /* XCRemoteSwiftPackageReference "firebase-ios-sdk" */;
			productName = FirebaseStorage;
		};
		08376A142EBBFE980075FF43 /* FirebaseStorageCombine-Community */ = {
			isa = XCSwiftPackageProductDependency;
			package = 083769E52EBBFE980075FF43 /* XCRemoteSwiftPackageReference "firebase-ios-sdk" */;
			productName = "FirebaseStorageCombine-Community";
		};
		08376C062EBC1E890075FF43 /* GoogleSignIn */ = {
			isa = XCSwiftPackageProductDependency;
			package = 08376C052EBC1E890075FF43 /* XCRemoteSwiftPackageReference "GoogleSignIn-iOS" */;
			productName = GoogleSignIn;
		};
		08376C082EBC1E890075FF43 /* GoogleSignInSwift */ = {
			isa = XCSwiftPackageProductDependency;
			package = 08376C052EBC1E890075FF43 /* XCRemoteSwiftPackageReference "GoogleSignIn-iOS" */;
			productName = GoogleSignInSwift;
		};
/* End XCSwiftPackageProductDependency section */
	};
	rootObject = 0882EC902EBA80C50033BC0E /* Project object */;
}
